# THIS IS AN AUTOGENERATED FILE. DO NOT EDIT THIS FILE DIRECTLY.
# yarn lockfile v1


lokijs@^1.5.6:
  version "1.5.6"
  resolved "https://registry.yarnpkg.com/lokijs/-/lokijs-1.5.6.tgz#6de6b8c3ff7a972fd0104169f81e7ddc244c029f"
  integrity sha512-xJoDXy8TASTjmXMKr4F8vvNUCu4dqlwY5gmn0g5BajGt1GM3goDCafNiGAh/sfrWgkfWu1J4OfsxWm8yrWweJA==

orum@^0.3.1:
  version "0.3.1"
  resolved "https://registry.yarnpkg.com/orum/-/orum-0.3.1.tgz#fa15a321b36e9e63b89c3a43269c3e2956bb54e7"
  integrity sha512-P/rK5Bw5ziFwVE3uPNEW8+O/wOXY/tPA0/YTaFXN9CMaKcSq9Nk+tWXaw1QDBxlsXAoCVUJpB2c3ms48eo8v9w==

twitchell@^1.1.0:
  version "1.1.0"
  resolved "https://registry.yarnpkg.com/twitchell/-/twitchell-1.1.0.tgz#3b97dbdddfaf63cdc445ca0e644a1270f365dbe4"
  integrity sha512-rZN+mlQQ3FxLEXNnou3wTbQmc0W+dzefRURWA7WLaYEPKvD5VnXx7P7Rd5oTBHI6AgKXO7iP0n59rpgZDm1YPg==
